lockVersion: 2.0.0
id: c70a7120-98ee-4c64-9a75-77469da3dbe3
management:
  docChecksum: 044ba6ea348a6fb8206cacad6926373d
  docVersion: "1.7"
  speakeasyVersion: internal
  generationVersion: 2.237.2
  releaseVersion: 2.1.1
  configChecksum: 0340b61012741f4d21eee24ad9f12904
  repoURL: https://github.com/writerai/writer-client-sdk-php.git
  repoSubDirectory: .
  installationURL: https://github.com/writerai/writer-client-sdk-php
features:
  php:
    core: 3.3.0
    globalSecurity: 2.81.3
    globalServerURLs: 2.82.1
    globals: 2.81.1
    nameOverrides: 2.81.1
generatedFiles:
  - src/SDKConfiguration.php
  - src/Billing.php
  - src/AIContentDetector.php
  - src/Content.php
  - src/CoWrite.php
  - src/Files.php
  - src/Models.php
  - src/Completions.php
  - src/ModelCustomization.php
  - src/DownloadTheCustomizedModel.php
  - src/Document.php
  - src/Snippet.php
  - src/Styleguide.php
  - src/Terminology.php
  - src/User.php
  - src/Writer.php
  - src/WriterBuilder.php
  - composer.json
  - phpstan.neon
  - src/Utils/EnumHandler.php
  - src/Utils/FormMetadata.php
  - src/Utils/Headers.php
  - src/Utils/JSON.php
  - src/Utils/MixedJSONHandler.php
  - src/Utils/MultipartMetadata.php
  - src/Utils/ParamsMetadata.php
  - src/Utils/PathParameters.php
  - src/Utils/QueryParameters.php
  - src/Utils/RequestBodies.php
  - src/Utils/RequestMetadata.php
  - src/Utils/Security.php
  - src/Utils/SecurityClient.php
  - src/Utils/SecurityMetadata.php
  - src/Utils/SpeakeasyMetadata.php
  - src/Utils/Utils.php
  - src/Models/Operations/GetSubscriptionDetailsResponse.php
  - src/Models/Operations/DetectContentRequest.php
  - src/Models/Operations/DetectContentResponse.php
  - src/Models/Operations/ContentCheckRequest.php
  - src/Models/Operations/ContentCheckResponse.php
  - src/Models/Operations/ContentCorrectRequest.php
  - src/Models/Operations/ContentCorrectResponse.php
  - src/Models/Operations/GenerateContentRequest.php
  - src/Models/Operations/GenerateContentResponse.php
  - src/Models/Operations/ListTemplatesRequest.php
  - src/Models/Operations/ListTemplatesResponse.php
  - src/Models/Operations/DeleteFileRequest.php
  - src/Models/Operations/DeleteFileResponseBody.php
  - src/Models/Operations/DeleteFileResponse.php
  - src/Models/Operations/GetFileRequest.php
  - src/Models/Operations/GetFileResponse.php
  - src/Models/Operations/ListFilesRequest.php
  - src/Models/Operations/ListFilesResponse.php
  - src/Models/Operations/UploadFileRequest.php
  - src/Models/Operations/UploadFileResponse.php
  - src/Models/Operations/ListModelsRequest.php
  - src/Models/Operations/ListModelsResponse.php
  - src/Models/Operations/CreateCompletionRequest.php
  - src/Models/Operations/CreateCompletionResponse.php
  - src/Models/Operations/CreateModelCustomizationCompletionRequest.php
  - src/Models/Operations/CreateModelCustomizationCompletionResponse.php
  - src/Models/Operations/CreateModelCustomizationRequest.php
  - src/Models/Operations/CreateModelCustomizationResponse.php
  - src/Models/Operations/DeleteModelCustomizationRequest.php
  - src/Models/Operations/DeleteModelCustomizationResponseBody.php
  - src/Models/Operations/DeleteModelCustomizationResponse.php
  - src/Models/Operations/GetModelCustomizationRequest.php
  - src/Models/Operations/GetModelCustomizationResponse.php
  - src/Models/Operations/ListModelCustomizationsRequest.php
  - src/Models/Operations/ListModelCustomizationsResponse.php
  - src/Models/Operations/FetchCustomizedModelFileRequest.php
  - src/Models/Operations/FetchCustomizedModelFileResponse.php
  - src/Models/Operations/GetDocumentDetailsRequest.php
  - src/Models/Operations/GetDocumentDetailsResponse.php
  - src/Models/Operations/ListTeamDocumentsQueryParamSortField.php
  - src/Models/Operations/ListTeamDocumentsQueryParamSortOrder.php
  - src/Models/Operations/ListTeamDocumentsRequest.php
  - src/Models/Operations/ListTeamDocumentsResponse.php
  - src/Models/Operations/DeleteSnippetsRequest.php
  - src/Models/Operations/DeleteSnippetsResponse.php
  - src/Models/Operations/SortField.php
  - src/Models/Operations/SortOrder.php
  - src/Models/Operations/FindSnippetsRequest.php
  - src/Models/Operations/FindSnippetsResponse.php
  - src/Models/Operations/UpdateSnippetsRequest.php
  - src/Models/Operations/UpdateSnippetsResponse.php
  - src/Models/Operations/PageDetailsRequest.php
  - src/Models/Operations/PageDetailsResponse.php
  - src/Models/Operations/Status.php
  - src/Models/Operations/ListPagesRequest.php
  - src/Models/Operations/ListPagesResponse.php
  - src/Models/Operations/AddTermsRequest.php
  - src/Models/Operations/AddTermsResponse.php
  - src/Models/Operations/DeleteTermsRequest.php
  - src/Models/Operations/DeleteTermsResponse.php
  - src/Models/Operations/PartOfSpeech.php
  - src/Models/Operations/QueryParamSortField.php
  - src/Models/Operations/QueryParamSortOrder.php
  - src/Models/Operations/Type.php
  - src/Models/Operations/FindTermsRequest.php
  - src/Models/Operations/FindTermsResponse.php
  - src/Models/Operations/UpdateTermsRequest.php
  - src/Models/Operations/UpdateTermsResponse.php
  - src/Models/Operations/ListUsersQueryParamSortField.php
  - src/Models/Operations/ListUsersQueryParamSortOrder.php
  - src/Models/Operations/ListUsersRequest.php
  - src/Models/Operations/ListUsersResponse.php
  - src/Models/Shared/ProductName.php
  - src/Models/Shared/SubscriptionPublicResponseApiStatus.php
  - src/Models/Shared/SubscriptionPublicResponseApi.php
  - src/Models/Shared/Usage.php
  - src/Models/Shared/UsageItem.php
  - src/Models/Shared/Tier.php
  - src/Models/Shared/MetaData.php
  - src/Models/Shared/FailResponse.php
  - src/Models/Shared/FailMessage.php
  - src/Models/Shared/Label.php
  - src/Models/Shared/ContentDetectorResponse.php
  - src/Models/Shared/ContentDetectorRequest.php
  - src/Models/Shared/ProcessedContent.php
  - src/Models/Shared/Service.php
  - src/Models/Shared/ContentIssue.php
  - src/Models/Shared/ContentRequest.php
  - src/Models/Shared/ContentSettings.php
  - src/Models/Shared/CorrectionResponse.php
  - src/Models/Shared/Draft.php
  - src/Models/Shared/GenerateTemplateRequest.php
  - src/Models/Shared/MagicRequestInput.php
  - src/Models/Shared/TemplateDetailsResponse.php
  - src/Models/Shared/InputType.php
  - src/Models/Shared/Input.php
  - src/Models/Shared/ModelFile.php
  - src/Models/Shared/ModelFilesResponse.php
  - src/Models/Shared/File.php
  - src/Models/Shared/UploadModelFileRequest.php
  - src/Models/Shared/GenerationModelsResponse.php
  - src/Models/Shared/GenerationModelInfoResponseType.php
  - src/Models/Shared/GenerationModelInfoResponse.php
  - src/Models/Shared/CompletionResponse.php
  - src/Models/Shared/CompletionGenerationChoice.php
  - src/Models/Shared/CompletionGenerationChoiceLogprobs.php
  - src/Models/Shared/CompletionRequest.php
  - src/Models/Shared/ModelCustomization.php
  - src/Models/Shared/HyperParameters.php
  - src/Models/Shared/CreateCustomizationRequest.php
  - src/Models/Shared/CustomizationsResponse.php
  - src/Models/Shared/DocumentAccess.php
  - src/Models/Shared/Document.php
  - src/Models/Shared/SimpleUser.php
  - src/Models/Shared/BriefDocuments.php
  - src/Models/Shared/Access.php
  - src/Models/Shared/BriefDocument.php
  - src/Models/Shared/Pagination.php
  - src/Models/Shared/DeleteResponse.php
  - src/Models/Shared/PaginatedResultSnippetWithUser.php
  - src/Models/Shared/SnippetWithUser.php
  - src/Models/Shared/SnippetTagV2.php
  - src/Models/Shared/TerminologyUser.php
  - src/Models/Shared/SnippetUpdate.php
  - src/Models/Shared/PageWithSectionResponseStatus.php
  - src/Models/Shared/PageWithSectionResponse.php
  - src/Models/Shared/SectionInfo.php
  - src/Models/Shared/PaginatedResultPagePublicApiResponse.php
  - src/Models/Shared/Status.php
  - src/Models/Shared/PagePublicApiResponse.php
  - src/Models/Shared/CreateTermsResponse.php
  - src/Models/Shared/FullTermWithUserPos.php
  - src/Models/Shared/Type.php
  - src/Models/Shared/FullTermWithUser.php
  - src/Models/Shared/TermTagResponse.php
  - src/Models/Shared/TermMistakePos.php
  - src/Models/Shared/TermMistake.php
  - src/Models/Shared/Pos.php
  - src/Models/Shared/FullLinkedTerm.php
  - src/Models/Shared/ApprovedTermExtension.php
  - src/Models/Shared/TermExampleType.php
  - src/Models/Shared/TermExample.php
  - src/Models/Shared/FailHandling.php
  - src/Models/Shared/CreateTermsRequest.php
  - src/Models/Shared/TermCreatePos.php
  - src/Models/Shared/TermCreateType.php
  - src/Models/Shared/TermCreate.php
  - src/Models/Shared/TermTagCreate.php
  - src/Models/Shared/TermMistakeCreatePos.php
  - src/Models/Shared/TermMistakeCreate.php
  - src/Models/Shared/LinkedTermCreate.php
  - src/Models/Shared/TermExampleCreateType.php
  - src/Models/Shared/TermExampleCreate.php
  - src/Models/Shared/ApprovedTermExtensionCreate.php
  - src/Models/Shared/PaginatedResultFullTermWithUser.php
  - src/Models/Shared/UpdateTermsRequestFailHandling.php
  - src/Models/Shared/UpdateTermsRequest.php
  - src/Models/Shared/TermUpdatePos.php
  - src/Models/Shared/TermUpdateType.php
  - src/Models/Shared/TermUpdate.php
  - src/Models/Shared/PaginatedResultUserPublicResponse.php
  - src/Models/Shared/AccountStatus.php
  - src/Models/Shared/UserPublicResponse.php
  - src/Models/Shared/Security.php
  - docs/Models/Operations/GetSubscriptionDetailsResponse.md
  - docs/Models/Operations/DetectContentRequest.md
  - docs/Models/Operations/DetectContentResponse.md
  - docs/Models/Operations/ContentCheckRequest.md
  - docs/Models/Operations/ContentCheckResponse.md
  - docs/Models/Operations/ContentCorrectRequest.md
  - docs/Models/Operations/ContentCorrectResponse.md
  - docs/Models/Operations/GenerateContentRequest.md
  - docs/Models/Operations/GenerateContentResponse.md
  - docs/Models/Operations/ListTemplatesRequest.md
  - docs/Models/Operations/ListTemplatesResponse.md
  - docs/Models/Operations/DeleteFileRequest.md
  - docs/Models/Operations/DeleteFileResponseBody.md
  - docs/Models/Operations/DeleteFileResponse.md
  - docs/Models/Operations/GetFileRequest.md
  - docs/Models/Operations/GetFileResponse.md
  - docs/Models/Operations/ListFilesRequest.md
  - docs/Models/Operations/ListFilesResponse.md
  - docs/Models/Operations/UploadFileRequest.md
  - docs/Models/Operations/UploadFileResponse.md
  - docs/Models/Operations/ListModelsRequest.md
  - docs/Models/Operations/ListModelsResponse.md
  - docs/Models/Operations/CreateCompletionRequest.md
  - docs/Models/Operations/CreateCompletionResponse.md
  - docs/Models/Operations/CreateModelCustomizationCompletionRequest.md
  - docs/Models/Operations/CreateModelCustomizationCompletionResponse.md
  - docs/Models/Operations/CreateModelCustomizationRequest.md
  - docs/Models/Operations/CreateModelCustomizationResponse.md
  - docs/Models/Operations/DeleteModelCustomizationRequest.md
  - docs/Models/Operations/DeleteModelCustomizationResponseBody.md
  - docs/Models/Operations/DeleteModelCustomizationResponse.md
  - docs/Models/Operations/GetModelCustomizationRequest.md
  - docs/Models/Operations/GetModelCustomizationResponse.md
  - docs/Models/Operations/ListModelCustomizationsRequest.md
  - docs/Models/Operations/ListModelCustomizationsResponse.md
  - docs/Models/Operations/FetchCustomizedModelFileRequest.md
  - docs/Models/Operations/FetchCustomizedModelFileResponse.md
  - docs/Models/Operations/GetDocumentDetailsRequest.md
  - docs/Models/Operations/GetDocumentDetailsResponse.md
  - docs/Models/Operations/ListTeamDocumentsQueryParamSortField.md
  - docs/Models/Operations/ListTeamDocumentsQueryParamSortOrder.md
  - docs/Models/Operations/ListTeamDocumentsRequest.md
  - docs/Models/Operations/ListTeamDocumentsResponse.md
  - docs/Models/Operations/DeleteSnippetsRequest.md
  - docs/Models/Operations/DeleteSnippetsResponse.md
  - docs/Models/Operations/SortField.md
  - docs/Models/Operations/SortOrder.md
  - docs/Models/Operations/FindSnippetsRequest.md
  - docs/Models/Operations/FindSnippetsResponse.md
  - docs/Models/Operations/UpdateSnippetsRequest.md
  - docs/Models/Operations/UpdateSnippetsResponse.md
  - docs/Models/Operations/PageDetailsRequest.md
  - docs/Models/Operations/PageDetailsResponse.md
  - docs/Models/Operations/Status.md
  - docs/Models/Operations/ListPagesRequest.md
  - docs/Models/Operations/ListPagesResponse.md
  - docs/Models/Operations/AddTermsRequest.md
  - docs/Models/Operations/AddTermsResponse.md
  - docs/Models/Operations/DeleteTermsRequest.md
  - docs/Models/Operations/DeleteTermsResponse.md
  - docs/Models/Operations/PartOfSpeech.md
  - docs/Models/Operations/QueryParamSortField.md
  - docs/Models/Operations/QueryParamSortOrder.md
  - docs/Models/Operations/Type.md
  - docs/Models/Operations/FindTermsRequest.md
  - docs/Models/Operations/FindTermsResponse.md
  - docs/Models/Operations/UpdateTermsRequest.md
  - docs/Models/Operations/UpdateTermsResponse.md
  - docs/Models/Operations/ListUsersQueryParamSortField.md
  - docs/Models/Operations/ListUsersQueryParamSortOrder.md
  - docs/Models/Operations/ListUsersRequest.md
  - docs/Models/Operations/ListUsersResponse.md
  - docs/Models/Shared/ProductName.md
  - docs/Models/Shared/SubscriptionPublicResponseApiStatus.md
  - docs/Models/Shared/SubscriptionPublicResponseApi.md
  - docs/Models/Shared/Usage.md
  - docs/Models/Shared/UsageItem.md
  - docs/Models/Shared/Tier.md
  - docs/Models/Shared/MetaData.md
  - docs/Models/Shared/FailResponse.md
  - docs/Models/Shared/FailMessage.md
  - docs/Models/Shared/Label.md
  - docs/Models/Shared/ContentDetectorResponse.md
  - docs/Models/Shared/ContentDetectorRequest.md
  - docs/Models/Shared/ProcessedContent.md
  - docs/Models/Shared/Service.md
  - docs/Models/Shared/ContentIssue.md
  - docs/Models/Shared/ContentRequest.md
  - docs/Models/Shared/ContentSettings.md
  - docs/Models/Shared/CorrectionResponse.md
  - docs/Models/Shared/Draft.md
  - docs/Models/Shared/GenerateTemplateRequest.md
  - docs/Models/Shared/MagicRequestInput.md
  - docs/Models/Shared/TemplateDetailsResponse.md
  - docs/Models/Shared/InputType.md
  - docs/Models/Shared/Input.md
  - docs/Models/Shared/ModelFile.md
  - docs/Models/Shared/ModelFilesResponse.md
  - docs/Models/Shared/File.md
  - docs/Models/Shared/UploadModelFileRequest.md
  - docs/Models/Shared/GenerationModelsResponse.md
  - docs/Models/Shared/GenerationModelInfoResponseType.md
  - docs/Models/Shared/GenerationModelInfoResponse.md
  - docs/Models/Shared/CompletionResponse.md
  - docs/Models/Shared/CompletionGenerationChoice.md
  - docs/Models/Shared/CompletionGenerationChoiceLogprobs.md
  - docs/Models/Shared/CompletionRequest.md
  - docs/Models/Shared/ModelCustomization.md
  - docs/Models/Shared/HyperParameters.md
  - docs/Models/Shared/CreateCustomizationRequest.md
  - docs/Models/Shared/CustomizationsResponse.md
  - docs/Models/Shared/DocumentAccess.md
  - docs/Models/Shared/Document.md
  - docs/Models/Shared/SimpleUser.md
  - docs/Models/Shared/BriefDocuments.md
  - docs/Models/Shared/Access.md
  - docs/Models/Shared/BriefDocument.md
  - docs/Models/Shared/Pagination.md
  - docs/Models/Shared/DeleteResponse.md
  - docs/Models/Shared/PaginatedResultSnippetWithUser.md
  - docs/Models/Shared/SnippetWithUser.md
  - docs/Models/Shared/SnippetTagV2.md
  - docs/Models/Shared/TerminologyUser.md
  - docs/Models/Shared/SnippetUpdate.md
  - docs/Models/Shared/PageWithSectionResponseStatus.md
  - docs/Models/Shared/PageWithSectionResponse.md
  - docs/Models/Shared/SectionInfo.md
  - docs/Models/Shared/PaginatedResultPagePublicApiResponse.md
  - docs/Models/Shared/Status.md
  - docs/Models/Shared/PagePublicApiResponse.md
  - docs/Models/Shared/CreateTermsResponse.md
  - docs/Models/Shared/FullTermWithUserPos.md
  - docs/Models/Shared/Type.md
  - docs/Models/Shared/FullTermWithUser.md
  - docs/Models/Shared/TermTagResponse.md
  - docs/Models/Shared/TermMistakePos.md
  - docs/Models/Shared/TermMistake.md
  - docs/Models/Shared/Pos.md
  - docs/Models/Shared/FullLinkedTerm.md
  - docs/Models/Shared/ApprovedTermExtension.md
  - docs/Models/Shared/TermExampleType.md
  - docs/Models/Shared/TermExample.md
  - docs/Models/Shared/FailHandling.md
  - docs/Models/Shared/CreateTermsRequest.md
  - docs/Models/Shared/TermCreatePos.md
  - docs/Models/Shared/TermCreateType.md
  - docs/Models/Shared/TermCreate.md
  - docs/Models/Shared/TermTagCreate.md
  - docs/Models/Shared/TermMistakeCreatePos.md
  - docs/Models/Shared/TermMistakeCreate.md
  - docs/Models/Shared/LinkedTermCreate.md
  - docs/Models/Shared/TermExampleCreateType.md
  - docs/Models/Shared/TermExampleCreate.md
  - docs/Models/Shared/ApprovedTermExtensionCreate.md
  - docs/Models/Shared/PaginatedResultFullTermWithUser.md
  - docs/Models/Shared/UpdateTermsRequestFailHandling.md
  - docs/Models/Shared/UpdateTermsRequest.md
  - docs/Models/Shared/TermUpdatePos.md
  - docs/Models/Shared/TermUpdateType.md
  - docs/Models/Shared/TermUpdate.md
  - docs/Models/Shared/PaginatedResultUserPublicResponse.md
  - docs/Models/Shared/AccountStatus.md
  - docs/Models/Shared/UserPublicResponse.md
  - docs/Models/Shared/Security.md
  - docs/sdks/writer/README.md
  - docs/sdks/billing/README.md
  - docs/sdks/aicontentdetector/README.md
  - docs/sdks/content/README.md
  - docs/sdks/cowrite/README.md
  - docs/sdks/files/README.md
  - docs/sdks/models/README.md
  - docs/sdks/completions/README.md
  - docs/sdks/modelcustomization/README.md
  - docs/sdks/downloadthecustomizedmodel/README.md
  - docs/sdks/document/README.md
  - docs/sdks/snippet/README.md
  - docs/sdks/styleguide/README.md
  - docs/sdks/terminology/README.md
  - docs/sdks/user/README.md
  - USAGE.md
  - .gitattributes
